
Microsoft Visual Studio Solution File, Format Version 12.00
# Visual Studio 15
VisualStudioVersion = 15.0.27703.2035
MinimumVisualStudioVersion = 10.0.40219.1
Project("{9A19103F-16F7-4668-BE54-9A1E7A4F7556}") = "Console_DI", "Console_DI\Console_DI.csproj", "{E011D87F-725D-497C-B9F9-9AA0A4CFC8EA}"
EndProject
Project("{9A19103F-16F7-4668-BE54-9A1E7A4F7556}") = "Console_UseSecrets", "Console_UseSecrets\Console_UseSecrets.csproj", "{BEBEB9D9-8356-4506-9636-A6091072C19F}"
EndProject
Project("{9A19103F-16F7-4668-BE54-9A1E7A4F7556}") = "HangfireDocker", "HangfireDocker\HangfireDocker.csproj", "{BEB1A378-DDD2-4BAC-BBD1-835FC016F5BA}"
EndProject
Project("{E53339B2-1760-4266-BCC7-CA923CBCF16C}") = "HangfireDocker-compose", "HangfireDocker-compose\HangfireDocker-compose.dcproj", "{095B2B8E-E3F2-47E3-95F4-614CE5290C0B}"
EndProject
Project("{9A19103F-16F7-4668-BE54-9A1E7A4F7556}") = "ReactJs-GetStarted", "ReactJs-GetStarted\ReactJs-GetStarted.csproj", "{B76C88CC-8689-4011-868D-CE255006282D}"
EndProject
Project("{9A19103F-16F7-4668-BE54-9A1E7A4F7556}") = "ReactJs-Typescript-GetStarted", "ReactJs-Typescript-GetStarted\ReactJs-Typescript-GetStarted.csproj", "{FEC2526A-CFD9-48E7-A265-F2C6B88F8F8A}"
EndProject
Project("{9A19103F-16F7-4668-BE54-9A1E7A4F7556}") = "ReactJs-Redux-GetStarted", "ReactJs-Redux-GetStarted\ReactJs-Redux-GetStarted.csproj", "{4A9209C0-2C2C-4281-9BFA-8217BF967C37}"
EndProject
Project("{9A19103F-16F7-4668-BE54-9A1E7A4F7556}") = "ReactJs-SSR-GetStarted", "ReactJs-SSR-GetStarted\ReactJs-SSR-GetStarted.csproj", "{F78DFB7D-C567-48B0-A704-6D387621966B}"
EndProject
Project("{9A19103F-16F7-4668-BE54-9A1E7A4F7556}") = "ReactJs-redux-little-router-GetStarted", "ReactJs-redux-little-router-GetStarted\ReactJs-redux-little-router-GetStarted.csproj", "{C0F5F539-0C8A-40D0-B34E-BADDE2C532E0}"
EndProject
Global
	GlobalSection(SolutionConfigurationPlatforms) = preSolution
		Debug|Any CPU = Debug|Any CPU
		Release|Any CPU = Release|Any CPU
	EndGlobalSection
	GlobalSection(ProjectConfigurationPlatforms) = postSolution
		{E011D87F-725D-497C-B9F9-9AA0A4CFC8EA}.Debug|Any CPU.ActiveCfg = Debug|Any CPU
		{E011D87F-725D-497C-B9F9-9AA0A4CFC8EA}.Debug|Any CPU.Build.0 = Debug|Any CPU
		{E011D87F-725D-497C-B9F9-9AA0A4CFC8EA}.Release|Any CPU.ActiveCfg = Release|Any CPU
		{E011D87F-725D-497C-B9F9-9AA0A4CFC8EA}.Release|Any CPU.Build.0 = Release|Any CPU
		{BEBEB9D9-8356-4506-9636-A6091072C19F}.Debug|Any CPU.ActiveCfg = Debug|Any CPU
		{BEBEB9D9-8356-4506-9636-A6091072C19F}.Debug|Any CPU.Build.0 = Debug|Any CPU
		{BEBEB9D9-8356-4506-9636-A6091072C19F}.Release|Any CPU.ActiveCfg = Release|Any CPU
		{BEBEB9D9-8356-4506-9636-A6091072C19F}.Release|Any CPU.Build.0 = Release|Any CPU
		{BEB1A378-DDD2-4BAC-BBD1-835FC016F5BA}.Debug|Any CPU.ActiveCfg = Debug|Any CPU
		{BEB1A378-DDD2-4BAC-BBD1-835FC016F5BA}.Debug|Any CPU.Build.0 = Debug|Any CPU
		{BEB1A378-DDD2-4BAC-BBD1-835FC016F5BA}.Release|Any CPU.ActiveCfg = Release|Any CPU
		{BEB1A378-DDD2-4BAC-BBD1-835FC016F5BA}.Release|Any CPU.Build.0 = Release|Any CPU
		{095B2B8E-E3F2-47E3-95F4-614CE5290C0B}.Debug|Any CPU.ActiveCfg = Debug|Any CPU
		{095B2B8E-E3F2-47E3-95F4-614CE5290C0B}.Debug|Any CPU.Build.0 = Debug|Any CPU
		{095B2B8E-E3F2-47E3-95F4-614CE5290C0B}.Release|Any CPU.ActiveCfg = Release|Any CPU
		{095B2B8E-E3F2-47E3-95F4-614CE5290C0B}.Release|Any CPU.Build.0 = Release|Any CPU
		{B76C88CC-8689-4011-868D-CE255006282D}.Debug|Any CPU.ActiveCfg = Debug|Any CPU
		{B76C88CC-8689-4011-868D-CE255006282D}.Debug|Any CPU.Build.0 = Debug|Any CPU
		{B76C88CC-8689-4011-868D-CE255006282D}.Release|Any CPU.ActiveCfg = Release|Any CPU
		{B76C88CC-8689-4011-868D-CE255006282D}.Release|Any CPU.Build.0 = Release|Any CPU
		{FEC2526A-CFD9-48E7-A265-F2C6B88F8F8A}.Debug|Any CPU.ActiveCfg = Debug|Any CPU
		{FEC2526A-CFD9-48E7-A265-F2C6B88F8F8A}.Debug|Any CPU.Build.0 = Debug|Any CPU
		{FEC2526A-CFD9-48E7-A265-F2C6B88F8F8A}.Release|Any CPU.ActiveCfg = Release|Any CPU
		{FEC2526A-CFD9-48E7-A265-F2C6B88F8F8A}.Release|Any CPU.Build.0 = Release|Any CPU
		{4A9209C0-2C2C-4281-9BFA-8217BF967C37}.Debug|Any CPU.ActiveCfg = Debug|Any CPU
		{4A9209C0-2C2C-4281-9BFA-8217BF967C37}.Debug|Any CPU.Build.0 = Debug|Any CPU
		{4A9209C0-2C2C-4281-9BFA-8217BF967C37}.Release|Any CPU.ActiveCfg = Release|Any CPU
		{4A9209C0-2C2C-4281-9BFA-8217BF967C37}.Release|Any CPU.Build.0 = Release|Any CPU
		{F78DFB7D-C567-48B0-A704-6D387621966B}.Debug|Any CPU.ActiveCfg = Debug|Any CPU
		{F78DFB7D-C567-48B0-A704-6D387621966B}.Debug|Any CPU.Build.0 = Debug|Any CPU
		{F78DFB7D-C567-48B0-A704-6D387621966B}.Release|Any CPU.ActiveCfg = Release|Any CPU
		{F78DFB7D-C567-48B0-A704-6D387621966B}.Release|Any CPU.Build.0 = Release|Any CPU
		{C0F5F539-0C8A-40D0-B34E-BADDE2C532E0}.Debug|Any CPU.ActiveCfg = Debug|Any CPU
		{C0F5F539-0C8A-40D0-B34E-BADDE2C532E0}.Debug|Any CPU.Build.0 = Debug|Any CPU
		{C0F5F539-0C8A-40D0-B34E-BADDE2C532E0}.Release|Any CPU.ActiveCfg = Release|Any CPU
		{C0F5F539-0C8A-40D0-B34E-BADDE2C532E0}.Release|Any CPU.Build.0 = Release|Any CPU
	EndGlobalSection
	GlobalSection(SolutionProperties) = preSolution
		HideSolutionNode = FALSE
	EndGlobalSection
	GlobalSection(ExtensibilityGlobals) = postSolution
		SolutionGuid = {9F39CD23-E974-4783-8B52-756530CFF93B}
	EndGlobalSection
EndGlobal
